
Microsoft Visual Studio Solution File, Format Version 12.00
# Visual Studio Version 17
VisualStudioVersion = 17.4.33110.190
MinimumVisualStudioVersion = 10.0.40219.1
Project("{8BC9CEB8-8B4A-11D0-8D11-00A0C91BC942}") = "grafiken nochmal", "grafiken nochmal\grafiken nochmal.vcxproj", "{F749B121-D9B5-4414-BBBD-93FAE64D5FAC}"
EndProject
Project("{54435603-DBB4-11D2-8724-00A0C9A8B90C}") = "Setup1", "Setup1\Setup1.vdproj", "{2EC00C54-84C9-43BA-8B4D-22F5A22D8636}"
EndProject
Global
	GlobalSection(SolutionConfigurationPlatforms) = preSolution
		Debug|x64 = Debug|x64
		Debug|x86 = Debug|x86
		Release|x64 = Release|x64
		Release|x86 = Release|x86
	EndGlobalSection
	GlobalSection(ProjectConfigurationPlatforms) = postSolution
		{F749B121-D9B5-4414-BBBD-93FAE64D5FAC}.Debug|x64.ActiveCfg = Release|x64
		{F749B121-D9B5-4414-BBBD-93FAE64D5FAC}.Debug|x64.Build.0 = Release|x64
		{F749B121-D9B5-4414-BBBD-93FAE64D5FAC}.Debug|x86.ActiveCfg = Debug|Win32
		{F749B121-D9B5-4414-BBBD-93FAE64D5FAC}.Debug|x86.Build.0 = Debug|Win32
		{F749B121-D9B5-4414-BBBD-93FAE64D5FAC}.Release|x64.ActiveCfg = Release|x64
		{F749B121-D9B5-4414-BBBD-93FAE64D5FAC}.Release|x64.Build.0 = Release|x64
		{F749B121-D9B5-4414-BBBD-93FAE64D5FAC}.Release|x86.ActiveCfg = Release|Win32
		{F749B121-D9B5-4414-BBBD-93FAE64D5FAC}.Release|x86.Build.0 = Release|Win32
		{2EC00C54-84C9-43BA-8B4D-22F5A22D8636}.Debug|x64.ActiveCfg = Debug
		{2EC00C54-84C9-43BA-8B4D-22F5A22D8636}.Debug|x86.ActiveCfg = Debug
		{2EC00C54-84C9-43BA-8B4D-22F5A22D8636}.Release|x64.ActiveCfg = Release
		{2EC00C54-84C9-43BA-8B4D-22F5A22D8636}.Release|x86.ActiveCfg = Release
	EndGlobalSection
	GlobalSection(SolutionProperties) = preSolution
		HideSolutionNode = FALSE
	EndGlobalSection
	GlobalSection(ExtensibilityGlobals) = postSolution
		SolutionGuid = {13FDC1B8-1A67-40D8-A485-210C9ADFAA96}
	EndGlobalSection
EndGlobal
